
Microsoft Visual Studio Solution File, Format Version 12.00
# Visual Studio Version 17
VisualStudioVersion = 17.6.33712.159
MinimumVisualStudioVersion = 10.0.40219.1
Project("{FAE04EC0-301F-11D3-BF4B-00C04F79EFBC}") = "Evaluaion1", "Evaluaion1\Evaluaion1.csproj", "{ADCC35A6-0387-44C4-930D-4B21C8A7DFB9}"
EndProject
Global
	GlobalSection(SolutionConfigurationPlatforms) = preSolution
		Debug|Any CPU = Debug|Any CPU
		Release|Any CPU = Release|Any CPU
	EndGlobalSection
	GlobalSection(ProjectConfigurationPlatforms) = postSolution
		{ADCC35A6-0387-44C4-930D-4B21C8A7DFB9}.Debug|Any CPU.ActiveCfg = Debug|Any CPU
		{ADCC35A6-0387-44C4-930D-4B21C8A7DFB9}.Debug|Any CPU.Build.0 = Debug|Any CPU
		{ADCC35A6-0387-44C4-930D-4B21C8A7DFB9}.Release|Any CPU.ActiveCfg = Release|Any CPU
		{ADCC35A6-0387-44C4-930D-4B21C8A7DFB9}.Release|Any CPU.Build.0 = Release|Any CPU
	EndGlobalSection
	GlobalSection(SolutionProperties) = preSolution
		HideSolutionNode = FALSE
	EndGlobalSection
	GlobalSection(ExtensibilityGlobals) = postSolution
		SolutionGuid = {D013576E-54E0-4376-A2C7-5D8F39105713}
	EndGlobalSection
EndGlobal
